// !$*UTF8*$!
{
	archiveVersion = 1;
	classes = {
	};
	objectVersion = 48;
	objects = {

/* Begin PBXBuildFile section */
		54B4F2233D7C1ED8F684E59B /* Pods_skillUpTest_8_preTests.framework in Frameworks */ = {isa = PBXBuildFile; fileRef = E8120A00739A9BCB4CEA8BE8 /* Pods_skillUpTest_8_preTests.framework */; };
		B47F3DE7822991A8E79935A5 /* Pods_skillUpTest_8_pre.framework in Frameworks */ = {isa = PBXBuildFile; fileRef = 6AE90FE0BF57194F15436450 /* Pods_skillUpTest_8_pre.framework */; };
		BE093C32201AF626002DCE7F /* String+DateFormat.swift in Sources */ = {isa = PBXBuildFile; fileRef = BE093C30201AF626002DCE7F /* String+DateFormat.swift */; };
		BE093C33201AF626002DCE7F /* Date+DateFormat.swift in Sources */ = {isa = PBXBuildFile; fileRef = BE093C31201AF626002DCE7F /* Date+DateFormat.swift */; };
		BE093C36201AF809002DCE7F /* MocRealmMessage.swift in Sources */ = {isa = PBXBuildFile; fileRef = BE093C35201AF809002DCE7F /* MocRealmMessage.swift */; };
		BE2F145B201F449E00356028 /* UITableView+TouchEvent.swift in Sources */ = {isa = PBXBuildFile; fileRef = BE2F145A201F449E00356028 /* UITableView+TouchEvent.swift */; };
		BE352AB9201841F40058DD1E /* AppDelegate.swift in Sources */ = {isa = PBXBuildFile; fileRef = BE352AB8201841F40058DD1E /* AppDelegate.swift */; };
		BE352AC0201841F40058DD1E /* Assets.xcassets in Resources */ = {isa = PBXBuildFile; fileRef = BE352ABF201841F40058DD1E /* Assets.xcassets */; };
		BE352AC3201841F40058DD1E /* LaunchScreen.storyboard in Resources */ = {isa = PBXBuildFile; fileRef = BE352AC1201841F40058DD1E /* LaunchScreen.storyboard */; };
		BE352AE02018463A0058DD1E /* MessageDto.swift in Sources */ = {isa = PBXBuildFile; fileRef = BE352ADF2018463A0058DD1E /* MessageDto.swift */; };
		BE352AE3201847FA0058DD1E /* MessageDao.swift in Sources */ = {isa = PBXBuildFile; fileRef = BE352AE2201847FA0058DD1E /* MessageDao.swift */; };
		BE352AE5201849A10058DD1E /* .swiftlint.yml in Resources */ = {isa = PBXBuildFile; fileRef = BE352AE4201849A10058DD1E /* .swiftlint.yml */; };
		BE3C78F02021D2CF000A5998 /* MessageDtoTests.swift in Sources */ = {isa = PBXBuildFile; fileRef = BE3C78EF2021D2CF000A5998 /* MessageDtoTests.swift */; };
		BE4AD0BD2024A50E00DF7246 /* MessageDaoTests.swift in Sources */ = {isa = PBXBuildFile; fileRef = BE4AD0BC2024A50E00DF7246 /* MessageDaoTests.swift */; };
		BE84BC2C20196DAF00D65729 /* MessageTableViewCell.swift in Sources */ = {isa = PBXBuildFile; fileRef = BE84BC2B20196DAF00D65729 /* MessageTableViewCell.swift */; };
		BE84BC2E20196E6200D65729 /* MessageTableViewProvider.swift in Sources */ = {isa = PBXBuildFile; fileRef = BE84BC2D20196E6200D65729 /* MessageTableViewProvider.swift */; };
		BE84BC31201974C400D65729 /* MessageList.storyboard in Resources */ = {isa = PBXBuildFile; fileRef = BE84BC30201974C400D65729 /* MessageList.storyboard */; };
		BE84BC33201974DD00D65729 /* MessageListViewController.swift in Sources */ = {isa = PBXBuildFile; fileRef = BE84BC32201974DD00D65729 /* MessageListViewController.swift */; };
		BE84BC382019791000D65729 /* RealmDaoHelper.swift in Sources */ = {isa = PBXBuildFile; fileRef = BE84BC372019790F00D65729 /* RealmDaoHelper.swift */; };
/* End PBXBuildFile section */

/* Begin PBXContainerItemProxy section */
		BE352ACA201841F40058DD1E /* PBXContainerItemProxy */ = {
			isa = PBXContainerItemProxy;
			containerPortal = BE352AAD201841F40058DD1E /* Project object */;
			proxyType = 1;
			remoteGlobalIDString = BE352AB4201841F40058DD1E;
			remoteInfo = skillUpTest_8_pre;
		};
/* End PBXContainerItemProxy section */

/* Begin PBXFileReference section */
		3E1E8C30C7F4A1BAF3738625 /* Pods-skillUpTest_8_pre.debug.xcconfig */ = {isa = PBXFileReference; includeInIndex = 1; lastKnownFileType = text.xcconfig; name = "Pods-skillUpTest_8_pre.debug.xcconfig"; path = "Pods/Target Support Files/Pods-skillUpTest_8_pre/Pods-skillUpTest_8_pre.debug.xcconfig"; sourceTree = "<group>"; };
		536F2B392344EDC175D68B1B /* Pods-skillUpTest_8_pre.release.xcconfig */ = {isa = PBXFileReference; includeInIndex = 1; lastKnownFileType = text.xcconfig; name = "Pods-skillUpTest_8_pre.release.xcconfig"; path = "Pods/Target Support Files/Pods-skillUpTest_8_pre/Pods-skillUpTest_8_pre.release.xcconfig"; sourceTree = "<group>"; };
		6AE90FE0BF57194F15436450 /* Pods_skillUpTest_8_pre.framework */ = {isa = PBXFileReference; explicitFileType = wrapper.framework; includeInIndex = 0; path = Pods_skillUpTest_8_pre.framework; sourceTree = BUILT_PRODUCTS_DIR; };
		8897AB714B67ACE0553BE8ED /* Pods-skillUpTest_8_preTests.release.xcconfig */ = {isa = PBXFileReference; includeInIndex = 1; lastKnownFileType = text.xcconfig; name = "Pods-skillUpTest_8_preTests.release.xcconfig"; path = "Pods/Target Support Files/Pods-skillUpTest_8_preTests/Pods-skillUpTest_8_preTests.release.xcconfig"; sourceTree = "<group>"; };
		BE093C30201AF626002DCE7F /* String+DateFormat.swift */ = {isa = PBXFileReference; fileEncoding = 4; lastKnownFileType = sourcecode.swift; path = "String+DateFormat.swift"; sourceTree = "<group>"; };
		BE093C31201AF626002DCE7F /* Date+DateFormat.swift */ = {isa = PBXFileReference; fileEncoding = 4; lastKnownFileType = sourcecode.swift; path = "Date+DateFormat.swift"; sourceTree = "<group>"; };
		BE093C35201AF809002DCE7F /* MocRealmMessage.swift */ = {isa = PBXFileReference; lastKnownFileType = sourcecode.swift; path = MocRealmMessage.swift; sourceTree = "<group>"; };
		BE2F145A201F449E00356028 /* UITableView+TouchEvent.swift */ = {isa = PBXFileReference; lastKnownFileType = sourcecode.swift; path = "UITableView+TouchEvent.swift"; sourceTree = "<group>"; };
		BE352AB5201841F40058DD1E /* skillUpTest_8_pre.app */ = {isa = PBXFileReference; explicitFileType = wrapper.application; includeInIndex = 0; path = skillUpTest_8_pre.app; sourceTree = BUILT_PRODUCTS_DIR; };
		BE352AB8201841F40058DD1E /* AppDelegate.swift */ = {isa = PBXFileReference; lastKnownFileType = sourcecode.swift; path = AppDelegate.swift; sourceTree = "<group>"; };
		BE352ABF201841F40058DD1E /* Assets.xcassets */ = {isa = PBXFileReference; lastKnownFileType = folder.assetcatalog; path = Assets.xcassets; sourceTree = "<group>"; };
		BE352AC2201841F40058DD1E /* Base */ = {isa = PBXFileReference; lastKnownFileType = file.storyboard; name = Base; path = Base.lproj/LaunchScreen.storyboard; sourceTree = "<group>"; };
		BE352AC4201841F40058DD1E /* Info.plist */ = {isa = PBXFileReference; lastKnownFileType = text.plist.xml; path = Info.plist; sourceTree = "<group>"; };
		BE352AC9201841F40058DD1E /* skillUpTest_8_preTests.xctest */ = {isa = PBXFileReference; explicitFileType = wrapper.cfbundle; includeInIndex = 0; path = skillUpTest_8_preTests.xctest; sourceTree = BUILT_PRODUCTS_DIR; };
		BE352ACF201841F40058DD1E /* Info.plist */ = {isa = PBXFileReference; lastKnownFileType = text.plist.xml; path = Info.plist; sourceTree = "<group>"; };
		BE352ADF2018463A0058DD1E /* MessageDto.swift */ = {isa = PBXFileReference; lastKnownFileType = sourcecode.swift; path = MessageDto.swift; sourceTree = "<group>"; };
		BE352AE2201847FA0058DD1E /* MessageDao.swift */ = {isa = PBXFileReference; lastKnownFileType = sourcecode.swift; path = MessageDao.swift; sourceTree = "<group>"; };
		BE352AE4201849A10058DD1E /* .swiftlint.yml */ = {isa = PBXFileReference; fileEncoding = 4; lastKnownFileType = text; path = .swiftlint.yml; sourceTree = "<group>"; };
		BE3C78EF2021D2CF000A5998 /* MessageDtoTests.swift */ = {isa = PBXFileReference; lastKnownFileType = sourcecode.swift; path = MessageDtoTests.swift; sourceTree = "<group>"; };
		BE4AD0BC2024A50E00DF7246 /* MessageDaoTests.swift */ = {isa = PBXFileReference; lastKnownFileType = sourcecode.swift; path = MessageDaoTests.swift; sourceTree = "<group>"; };
		BE84BC2B20196DAF00D65729 /* MessageTableViewCell.swift */ = {isa = PBXFileReference; lastKnownFileType = sourcecode.swift; path = MessageTableViewCell.swift; sourceTree = "<group>"; };
		BE84BC2D20196E6200D65729 /* MessageTableViewProvider.swift */ = {isa = PBXFileReference; lastKnownFileType = sourcecode.swift; path = MessageTableViewProvider.swift; sourceTree = "<group>"; };
		BE84BC30201974C400D65729 /* MessageList.storyboard */ = {isa = PBXFileReference; lastKnownFileType = file.storyboard; path = MessageList.storyboard; sourceTree = "<group>"; };
		BE84BC32201974DD00D65729 /* MessageListViewController.swift */ = {isa = PBXFileReference; lastKnownFileType = sourcecode.swift; path = MessageListViewController.swift; sourceTree = "<group>"; };
		BE84BC372019790F00D65729 /* RealmDaoHelper.swift */ = {isa = PBXFileReference; fileEncoding = 4; lastKnownFileType = sourcecode.swift; path = RealmDaoHelper.swift; sourceTree = "<group>"; };
		D785890B597A1FA1FF994115 /* Pods-skillUpTest_8_preTests.debug.xcconfig */ = {isa = PBXFileReference; includeInIndex = 1; lastKnownFileType = text.xcconfig; name = "Pods-skillUpTest_8_preTests.debug.xcconfig"; path = "Pods/Target Support Files/Pods-skillUpTest_8_preTests/Pods-skillUpTest_8_preTests.debug.xcconfig"; sourceTree = "<group>"; };
		E8120A00739A9BCB4CEA8BE8 /* Pods_skillUpTest_8_preTests.framework */ = {isa = PBXFileReference; explicitFileType = wrapper.framework; includeInIndex = 0; path = Pods_skillUpTest_8_preTests.framework; sourceTree = BUILT_PRODUCTS_DIR; };
/* End PBXFileReference section */

/* Begin PBXFrameworksBuildPhase section */
		BE352AB2201841F40058DD1E /* Frameworks */ = {
			isa = PBXFrameworksBuildPhase;
			buildActionMask = 2147483647;
			files = (
				B47F3DE7822991A8E79935A5 /* Pods_skillUpTest_8_pre.framework in Frameworks */,
			);
			runOnlyForDeploymentPostprocessing = 0;
		};
		BE352AC6201841F40058DD1E /* Frameworks */ = {
			isa = PBXFrameworksBuildPhase;
			buildActionMask = 2147483647;
			files = (
				54B4F2233D7C1ED8F684E59B /* Pods_skillUpTest_8_preTests.framework in Frameworks */,
			);
			runOnlyForDeploymentPostprocessing = 0;
		};
/* End PBXFrameworksBuildPhase section */

/* Begin PBXGroup section */
		27D753A7F0661C9A2BC72B04 /* Frameworks */ = {
			isa = PBXGroup;
			children = (
				6AE90FE0BF57194F15436450 /* Pods_skillUpTest_8_pre.framework */,
				E8120A00739A9BCB4CEA8BE8 /* Pods_skillUpTest_8_preTests.framework */,
			);
			name = Frameworks;
			sourceTree = "<group>";
		};
		BE093C2F201AF626002DCE7F /* Extensions */ = {
			isa = PBXGroup;
			children = (
				BE093C30201AF626002DCE7F /* String+DateFormat.swift */,
				BE093C31201AF626002DCE7F /* Date+DateFormat.swift */,
				BE2F145A201F449E00356028 /* UITableView+TouchEvent.swift */,
			);
			path = Extensions;
			sourceTree = "<group>";
		};
		BE093C34201AF7D2002DCE7F /* Moc */ = {
			isa = PBXGroup;
			children = (
				BE093C35201AF809002DCE7F /* MocRealmMessage.swift */,
			);
			path = Moc;
			sourceTree = "<group>";
		};
		BE093C37201AF85D002DCE7F /* Models */ = {
			isa = PBXGroup;
			children = (
				BE3C78EF2021D2CF000A5998 /* MessageDtoTests.swift */,
				BE4AD0BC2024A50E00DF7246 /* MessageDaoTests.swift */,
			);
			path = Models;
			sourceTree = "<group>";
		};
		BE352AAC201841F40058DD1E = {
			isa = PBXGroup;
			children = (
				27D753A7F0661C9A2BC72B04 /* Frameworks */,
				ED9AF891C37092638D668F71 /* Pods */,
				BE352AB6201841F40058DD1E /* Products */,
				BE352AB7201841F40058DD1E /* skillUpTest_8_pre */,
				BE352ACC201841F40058DD1E /* skillUpTest_8_preTests */,
				BE352AE4201849A10058DD1E /* .swiftlint.yml */,
			);
			sourceTree = "<group>";
		};
		BE352AB6201841F40058DD1E /* Products */ = {
			isa = PBXGroup;
			children = (
				BE352AB5201841F40058DD1E /* skillUpTest_8_pre.app */,
				BE352AC9201841F40058DD1E /* skillUpTest_8_preTests.xctest */,
			);
			name = Products;
			sourceTree = "<group>";
		};
		BE352AB7201841F40058DD1E /* skillUpTest_8_pre */ = {
			isa = PBXGroup;
			children = (
				BE093C2F201AF626002DCE7F /* Extensions */,
				BE352AD9201843D90058DD1E /* Controllers */,
				BE352ADB201845380058DD1E /* Helpers */,
				BE352ADE201845ED0058DD1E /* Models */,
				BE352AD8201843C50058DD1E /* Others */,
				BE84BC2A20196D8000D65729 /* Views */,
			);
			path = skillUpTest_8_pre;
			sourceTree = "<group>";
		};
		BE352ACC201841F40058DD1E /* skillUpTest_8_preTests */ = {
			isa = PBXGroup;
			children = (
				BE093C37201AF85D002DCE7F /* Models */,
				BE093C34201AF7D2002DCE7F /* Moc */,
				BE352ACF201841F40058DD1E /* Info.plist */,
			);
			path = skillUpTest_8_preTests;
			sourceTree = "<group>";
		};
		BE352AD8201843C50058DD1E /* Others */ = {
			isa = PBXGroup;
			children = (
				BE352AB8201841F40058DD1E /* AppDelegate.swift */,
				BE352ABF201841F40058DD1E /* Assets.xcassets */,
				BE352AC4201841F40058DD1E /* Info.plist */,
			);
			path = Others;
			sourceTree = "<group>";
		};
		BE352AD9201843D90058DD1E /* Controllers */ = {
			isa = PBXGroup;
			children = (
				BE84BC2F201974AD00D65729 /* MessageList */,
				BE352ADA201843E30058DD1E /* LaunchScreen */,
			);
			path = Controllers;
			sourceTree = "<group>";
		};
		BE352ADA201843E30058DD1E /* LaunchScreen */ = {
			isa = PBXGroup;
			children = (
				BE352AC1201841F40058DD1E /* LaunchScreen.storyboard */,
			);
			path = LaunchScreen;
			sourceTree = "<group>";
		};
		BE352ADB201845380058DD1E /* Helpers */ = {
			isa = PBXGroup;
			children = (
				BE84BC372019790F00D65729 /* RealmDaoHelper.swift */,
			);
			path = Helpers;
			sourceTree = "<group>";
		};
		BE352ADE201845ED0058DD1E /* Models */ = {
			isa = PBXGroup;
			children = (
				BE352AE2201847FA0058DD1E /* MessageDao.swift */,
				BE352ADF2018463A0058DD1E /* MessageDto.swift */,
			);
			path = Models;
			sourceTree = "<group>";
		};
		BE84BC2A20196D8000D65729 /* Views */ = {
			isa = PBXGroup;
			children = (
				BE84BC2B20196DAF00D65729 /* MessageTableViewCell.swift */,
				BE84BC2D20196E6200D65729 /* MessageTableViewProvider.swift */,
			);
			path = Views;
			sourceTree = "<group>";
		};
		BE84BC2F201974AD00D65729 /* MessageList */ = {
			isa = PBXGroup;
			children = (
				BE84BC30201974C400D65729 /* MessageList.storyboard */,
				BE84BC32201974DD00D65729 /* MessageListViewController.swift */,
			);
			path = MessageList;
			sourceTree = "<group>";
		};
		ED9AF891C37092638D668F71 /* Pods */ = {
			isa = PBXGroup;
			children = (
				3E1E8C30C7F4A1BAF3738625 /* Pods-skillUpTest_8_pre.debug.xcconfig */,
				536F2B392344EDC175D68B1B /* Pods-skillUpTest_8_pre.release.xcconfig */,
				D785890B597A1FA1FF994115 /* Pods-skillUpTest_8_preTests.debug.xcconfig */,
				8897AB714B67ACE0553BE8ED /* Pods-skillUpTest_8_preTests.release.xcconfig */,
			);
			name = Pods;
			sourceTree = "<group>";
		};
/* End PBXGroup section */

/* Begin PBXNativeTarget section */
		BE352AB4201841F40058DD1E /* skillUpTest_8_pre */ = {
			isa = PBXNativeTarget;
			buildConfigurationList = BE352AD2201841F40058DD1E /* Build configuration list for PBXNativeTarget "skillUpTest_8_pre" */;
			buildPhases = (
				6496C3F0F3C1ED8DA4378896 /* [CP] Check Pods Manifest.lock */,
				BE352AB1201841F40058DD1E /* Sources */,
				BE352AB2201841F40058DD1E /* Frameworks */,
				BE352AB3201841F40058DD1E /* Resources */,
				CD0C13AC770C4156B90C79C9 /* [CP] Embed Pods Frameworks */,
				D11C7AED360CD76FF2DBCFD9 /* [CP] Copy Pods Resources */,
				BE352AE6201849B40058DD1E /* ShellScript */,
			);
			buildRules = (
			);
			dependencies = (
			);
			name = skillUpTest_8_pre;
			productName = skillUpTest_8_pre;
			productReference = BE352AB5201841F40058DD1E /* skillUpTest_8_pre.app */;
			productType = "com.apple.product-type.application";
		};
		BE352AC8201841F40058DD1E /* skillUpTest_8_preTests */ = {
			isa = PBXNativeTarget;
			buildConfigurationList = BE352AD5201841F40058DD1E /* Build configuration list for PBXNativeTarget "skillUpTest_8_preTests" */;
			buildPhases = (
				22E717E476BD02525B28FE00 /* [CP] Check Pods Manifest.lock */,
				BE352AC5201841F40058DD1E /* Sources */,
				BE352AC6201841F40058DD1E /* Frameworks */,
				BE352AC7201841F40058DD1E /* Resources */,
				21410A40F0BA3681C316F17A /* [CP] Embed Pods Frameworks */,
				6CE12728AF4E217410DAF62A /* [CP] Copy Pods Resources */,
			);
			buildRules = (
			);
			dependencies = (
				BE352ACB201841F40058DD1E /* PBXTargetDependency */,
			);
			name = skillUpTest_8_preTests;
			productName = skillUpTest_8_preTests;
			productReference = BE352AC9201841F40058DD1E /* skillUpTest_8_preTests.xctest */;
			productType = "com.apple.product-type.bundle.unit-test";
		};
/* End PBXNativeTarget section */

/* Begin PBXProject section */
		BE352AAD201841F40058DD1E /* Project object */ = {
			isa = PBXProject;
			attributes = {
				LastSwiftUpdateCheck = 0910;
				LastUpgradeCheck = 0910;
				ORGANIZATIONNAME = "Seidi Nakamura";
				TargetAttributes = {
					BE352AB4201841F40058DD1E = {
						CreatedOnToolsVersion = 9.1;
						ProvisioningStyle = Automatic;
					};
					BE352AC8201841F40058DD1E = {
						CreatedOnToolsVersion = 9.1;
						LastSwiftMigration = 0910;
						ProvisioningStyle = Automatic;
						TestTargetID = BE352AB4201841F40058DD1E;
					};
				};
			};
			buildConfigurationList = BE352AB0201841F40058DD1E /* Build configuration list for PBXProject "skillUpTest_8_pre" */;
			compatibilityVersion = "Xcode 8.0";
			developmentRegion = en;
			hasScannedForEncodings = 0;
			knownRegions = (
				en,
				Base,
			);
			mainGroup = BE352AAC201841F40058DD1E;
			productRefGroup = BE352AB6201841F40058DD1E /* Products */;
			projectDirPath = "";
			projectRoot = "";
			targets = (
				BE352AB4201841F40058DD1E /* skillUpTest_8_pre */,
				BE352AC8201841F40058DD1E /* skillUpTest_8_preTests */,
			);
		};
/* End PBXProject section */

/* Begin PBXResourcesBuildPhase section */
		BE352AB3201841F40058DD1E /* Resources */ = {
			isa = PBXResourcesBuildPhase;
			buildActionMask = 2147483647;
			files = (
				BE352AE5201849A10058DD1E /* .swiftlint.yml in Resources */,
				BE352AC3201841F40058DD1E /* LaunchScreen.storyboard in Resources */,
				BE84BC31201974C400D65729 /* MessageList.storyboard in Resources */,
				BE352AC0201841F40058DD1E /* Assets.xcassets in Resources */,
			);
			runOnlyForDeploymentPostprocessing = 0;
		};
		BE352AC7201841F40058DD1E /* Resources */ = {
			isa = PBXResourcesBuildPhase;
			buildActionMask = 2147483647;
			files = (
			);
			runOnlyForDeploymentPostprocessing = 0;
		};
/* End PBXResourcesBuildPhase section */

/* Begin PBXShellScriptBuildPhase section */
		21410A40F0BA3681C316F17A /* [CP] Embed Pods Frameworks */ = {
			isa = PBXShellScriptBuildPhase;
			buildActionMask = 2147483647;
			files = (
			);
			inputPaths = (
				"${SRCROOT}/Pods/Target Support Files/Pods-skillUpTest_8_preTests/Pods-skillUpTest_8_preTests-frameworks.sh",
				"${BUILT_PRODUCTS_DIR}/Realm/Realm.framework",
				"${BUILT_PRODUCTS_DIR}/RealmSwift/RealmSwift.framework",
			);
			name = "[CP] Embed Pods Frameworks";
			outputPaths = (
				"${TARGET_BUILD_DIR}/${FRAMEWORKS_FOLDER_PATH}/Realm.framework",
				"${TARGET_BUILD_DIR}/${FRAMEWORKS_FOLDER_PATH}/RealmSwift.framework",
			);
			runOnlyForDeploymentPostprocessing = 0;
			shellPath = /bin/sh;
			shellScript = "\"${SRCROOT}/Pods/Target Support Files/Pods-skillUpTest_8_preTests/Pods-skillUpTest_8_preTests-frameworks.sh\"\n";
			showEnvVarsInLog = 0;
		};
		22E717E476BD02525B28FE00 /* [CP] Check Pods Manifest.lock */ = {
			isa = PBXShellScriptBuildPhase;
			buildActionMask = 2147483647;
			files = (
			);
			inputPaths = (
				"${PODS_PODFILE_DIR_PATH}/Podfile.lock",
				"${PODS_ROOT}/Manifest.lock",
			);
			name = "[CP] Check Pods Manifest.lock";
			outputPaths = (
				"$(DERIVED_FILE_DIR)/Pods-skillUpTest_8_preTests-checkManifestLockResult.txt",
			);
			runOnlyForDeploymentPostprocessing = 0;
			shellPath = /bin/sh;
			shellScript = "diff \"${PODS_PODFILE_DIR_PATH}/Podfile.lock\" \"${PODS_ROOT}/Manifest.lock\" > /dev/null\nif [ $? != 0 ] ; then\n    # print error to STDERR\n    echo \"error: The sandbox is not in sync with the Podfile.lock. Run 'pod install' or update your CocoaPods installation.\" >&2\n    exit 1\nfi\n# This output is used by Xcode 'outputs' to avoid re-running this script phase.\necho \"SUCCESS\" > \"${SCRIPT_OUTPUT_FILE_0}\"\n";
			showEnvVarsInLog = 0;
		};
		6496C3F0F3C1ED8DA4378896 /* [CP] Check Pods Manifest.lock */ = {
			isa = PBXShellScriptBuildPhase;
			buildActionMask = 2147483647;
			files = (
			);
			inputPaths = (
				"${PODS_PODFILE_DIR_PATH}/Podfile.lock",
				"${PODS_ROOT}/Manifest.lock",
			);
			name = "[CP] Check Pods Manifest.lock";
			outputPaths = (
				"$(DERIVED_FILE_DIR)/Pods-skillUpTest_8_pre-checkManifestLockResult.txt",
			);
			runOnlyForDeploymentPostprocessing = 0;
			shellPath = /bin/sh;
			shellScript = "diff \"${PODS_PODFILE_DIR_PATH}/Podfile.lock\" \"${PODS_ROOT}/Manifest.lock\" > /dev/null\nif [ $? != 0 ] ; then\n    # print error to STDERR\n    echo \"error: The sandbox is not in sync with the Podfile.lock. Run 'pod install' or update your CocoaPods installation.\" >&2\n    exit 1\nfi\n# This output is used by Xcode 'outputs' to avoid re-running this script phase.\necho \"SUCCESS\" > \"${SCRIPT_OUTPUT_FILE_0}\"\n";
			showEnvVarsInLog = 0;
		};
		6CE12728AF4E217410DAF62A /* [CP] Copy Pods Resources */ = {
			isa = PBXShellScriptBuildPhase;
			buildActionMask = 2147483647;
			files = (
			);
			inputPaths = (
			);
			name = "[CP] Copy Pods Resources";
			outputPaths = (
			);
			runOnlyForDeploymentPostprocessing = 0;
			shellPath = /bin/sh;
			shellScript = "\"${SRCROOT}/Pods/Target Support Files/Pods-skillUpTest_8_preTests/Pods-skillUpTest_8_preTests-resources.sh\"\n";
			showEnvVarsInLog = 0;
		};
		BE352AE6201849B40058DD1E /* ShellScript */ = {
			isa = PBXShellScriptBuildPhase;
			buildActionMask = 2147483647;
			files = (
			);
			inputPaths = (
			);
			outputPaths = (
			);
			runOnlyForDeploymentPostprocessing = 0;
			shellPath = /bin/sh;
			shellScript = "if which swiftlint >/dev/null; then\nswiftlint\nelse\necho \"SwiftLint does not exist, download from https://github.com/realm/SwiftLint\"\nfi";
		};
		CD0C13AC770C4156B90C79C9 /* [CP] Embed Pods Frameworks */ = {
			isa = PBXShellScriptBuildPhase;
			buildActionMask = 2147483647;
			files = (
			);
			inputPaths = (
				"${SRCROOT}/Pods/Target Support Files/Pods-skillUpTest_8_pre/Pods-skillUpTest_8_pre-frameworks.sh",
				"${BUILT_PRODUCTS_DIR}/Realm/Realm.framework",
				"${BUILT_PRODUCTS_DIR}/RealmSwift/RealmSwift.framework",
			);
			name = "[CP] Embed Pods Frameworks";
			outputPaths = (
				"${TARGET_BUILD_DIR}/${FRAMEWORKS_FOLDER_PATH}/Realm.framework",
				"${TARGET_BUILD_DIR}/${FRAMEWORKS_FOLDER_PATH}/RealmSwift.framework",
			);
			runOnlyForDeploymentPostprocessing = 0;
			shellPath = /bin/sh;
			shellScript = "\"${SRCROOT}/Pods/Target Support Files/Pods-skillUpTest_8_pre/Pods-skillUpTest_8_pre-frameworks.sh\"\n";
			showEnvVarsInLog = 0;
		};
		D11C7AED360CD76FF2DBCFD9 /* [CP] Copy Pods Resources */ = {
			isa = PBXShellScriptBuildPhase;
			buildActionMask = 2147483647;
			files = (
			);
			inputPaths = (
			);
			name = "[CP] Copy Pods Resources";
			outputPaths = (
			);
			runOnlyForDeploymentPostprocessing = 0;
			shellPath = /bin/sh;
			shellScript = "\"${SRCROOT}/Pods/Target Support Files/Pods-skillUpTest_8_pre/Pods-skillUpTest_8_pre-resources.sh\"\n";
			showEnvVarsInLog = 0;
		};
/* End PBXShellScriptBuildPhase section */

/* Begin PBXSourcesBuildPhase section */
		BE352AB1201841F40058DD1E /* Sources */ = {
			isa = PBXSourcesBuildPhase;
			buildActionMask = 2147483647;
			files = (
				BE84BC33201974DD00D65729 /* MessageListViewController.swift in Sources */,
				BE352AE3201847FA0058DD1E /* MessageDao.swift in Sources */,
				BE2F145B201F449E00356028 /* UITableView+TouchEvent.swift in Sources */,
				BE84BC2E20196E6200D65729 /* MessageTableViewProvider.swift in Sources */,
				BE093C32201AF626002DCE7F /* String+DateFormat.swift in Sources */,
				BE352AB9201841F40058DD1E /* AppDelegate.swift in Sources */,
				BE84BC2C20196DAF00D65729 /* MessageTableViewCell.swift in Sources */,
				BE352AE02018463A0058DD1E /* MessageDto.swift in Sources */,
				BE093C33201AF626002DCE7F /* Date+DateFormat.swift in Sources */,
				BE84BC382019791000D65729 /* RealmDaoHelper.swift in Sources */,
			);
			runOnlyForDeploymentPostprocessing = 0;
		};
		BE352AC5201841F40058DD1E /* Sources */ = {
			isa = PBXSourcesBuildPhase;
			buildActionMask = 2147483647;
			files = (
				BE093C36201AF809002DCE7F /* MocRealmMessage.swift in Sources */,
				BE3C78F02021D2CF000A5998 /* MessageDtoTests.swift in Sources */,
				BE4AD0BD2024A50E00DF7246 /* MessageDaoTests.swift in Sources */,
			);
			runOnlyForDeploymentPostprocessing = 0;
		};
/* End PBXSourcesBuildPhase section */

/* Begin PBXTargetDependency section */
		BE352ACB201841F40058DD1E /* PBXTargetDependency */ = {
			isa = PBXTargetDependency;
			target = BE352AB4201841F40058DD1E /* skillUpTest_8_pre */;
			targetProxy = BE352ACA201841F40058DD1E /* PBXContainerItemProxy */;
		};
/* End PBXTargetDependency section */

/* Begin PBXVariantGroup section */
		BE352AC1201841F40058DD1E /* LaunchScreen.storyboard */ = {
			isa = PBXVariantGroup;
			children = (
				BE352AC2201841F40058DD1E /* Base */,
			);
			name = LaunchScreen.storyboard;
			path = .;
			sourceTree = "<group>";
		};
/* End PBXVariantGroup section */

/* Begin XCBuildConfiguration section */
		BE352AD0201841F40058DD1E /* Debug */ = {
			isa = XCBuildConfiguration;
			buildSettings = {
				ALWAYS_SEARCH_USER_PATHS = NO;
				CLANG_ANALYZER_NONNULL = YES;
				CLANG_ANALYZER_NUMBER_OBJECT_CONVERSION = YES_AGGRESSIVE;
				CLANG_CXX_LANGUAGE_STANDARD = "gnu++14";
				CLANG_CXX_LIBRARY = "libc++";
				CLANG_ENABLE_MODULES = YES;
				CLANG_ENABLE_OBJC_ARC = YES;
				CLANG_WARN_BLOCK_CAPTURE_AUTORELEASING = YES;
				CLANG_WARN_BOOL_CONVERSION = YES;
				CLANG_WARN_COMMA = YES;
				CLANG_WARN_CONSTANT_CONVERSION = YES;
				CLANG_WARN_DIRECT_OBJC_ISA_USAGE = YES_ERROR;
				CLANG_WARN_DOCUMENTATION_COMMENTS = YES;
				CLANG_WARN_EMPTY_BODY = YES;
				CLANG_WARN_ENUM_CONVERSION = YES;
				CLANG_WARN_INFINITE_RECURSION = YES;
				CLANG_WARN_INT_CONVERSION = YES;
				CLANG_WARN_NON_LITERAL_NULL_CONVERSION = YES;
				CLANG_WARN_OBJC_LITERAL_CONVERSION = YES;
				CLANG_WARN_OBJC_ROOT_CLASS = YES_ERROR;
				CLANG_WARN_RANGE_LOOP_ANALYSIS = YES;
				CLANG_WARN_STRICT_PROTOTYPES = YES;
				CLANG_WARN_SUSPICIOUS_MOVE = YES;
				CLANG_WARN_UNGUARDED_AVAILABILITY = YES_AGGRESSIVE;
				CLANG_WARN_UNREACHABLE_CODE = YES;
				CLANG_WARN__DUPLICATE_METHOD_MATCH = YES;
				CODE_SIGN_IDENTITY = "iPhone Developer";
				COPY_PHASE_STRIP = NO;
				DEBUG_INFORMATION_FORMAT = dwarf;
				ENABLE_STRICT_OBJC_MSGSEND = YES;
				ENABLE_TESTABILITY = YES;
				GCC_C_LANGUAGE_STANDARD = gnu11;
				GCC_DYNAMIC_NO_PIC = NO;
				GCC_NO_COMMON_BLOCKS = YES;
				GCC_OPTIMIZATION_LEVEL = 0;
				GCC_PREPROCESSOR_DEFINITIONS = (
					"DEBUG=1",
					"$(inherited)",
				);
				GCC_WARN_64_TO_32_BIT_CONVERSION = YES;
				GCC_WARN_ABOUT_RETURN_TYPE = YES_ERROR;
				GCC_WARN_UNDECLARED_SELECTOR = YES;
				GCC_WARN_UNINITIALIZED_AUTOS = YES_AGGRESSIVE;
				GCC_WARN_UNUSED_FUNCTION = YES;
				GCC_WARN_UNUSED_VARIABLE = YES;
				IPHONEOS_DEPLOYMENT_TARGET = 11.1;
				MTL_ENABLE_DEBUG_INFO = YES;
				ONLY_ACTIVE_ARCH = YES;
				SDKROOT = iphoneos;
				SWIFT_ACTIVE_COMPILATION_CONDITIONS = DEBUG;
				SWIFT_OPTIMIZATION_LEVEL = "-Onone";
			};
			name = Debug;
		};
		BE352AD1201841F40058DD1E /* Release */ = {
			isa = XCBuildConfiguration;
			buildSettings = {
				ALWAYS_SEARCH_USER_PATHS = NO;
				CLANG_ANALYZER_NONNULL = YES;
				CLANG_ANALYZER_NUMBER_OBJECT_CONVERSION = YES_AGGRESSIVE;
				CLANG_CXX_LANGUAGE_STANDARD = "gnu++14";
				CLANG_CXX_LIBRARY = "libc++";
				CLANG_ENABLE_MODULES = YES;
				CLANG_ENABLE_OBJC_ARC = YES;
				CLANG_WARN_BLOCK_CAPTURE_AUTORELEASING = YES;
				CLANG_WARN_BOOL_CONVERSION = YES;
				CLANG_WARN_COMMA = YES;
				CLANG_WARN_CONSTANT_CONVERSION = YES;
				CLANG_WARN_DIRECT_OBJC_ISA_USAGE = YES_ERROR;
				CLANG_WARN_DOCUMENTATION_COMMENTS = YES;
				CLANG_WARN_EMPTY_BODY = YES;
				CLANG_WARN_ENUM_CONVERSION = YES;
				CLANG_WARN_INFINITE_RECURSION = YES;
				CLANG_WARN_INT_CONVERSION = YES;
				CLANG_WARN_NON_LITERAL_NULL_CONVERSION = YES;
				CLANG_WARN_OBJC_LITERAL_CONVERSION = YES;
				CLANG_WARN_OBJC_ROOT_CLASS = YES_ERROR;
				CLANG_WARN_RANGE_LOOP_ANALYSIS = YES;
				CLANG_WARN_STRICT_PROTOTYPES = YES;
				CLANG_WARN_SUSPICIOUS_MOVE = YES;
				CLANG_WARN_UNGUARDED_AVAILABILITY = YES_AGGRESSIVE;
				CLANG_WARN_UNREACHABLE_CODE = YES;
				CLANG_WARN__DUPLICATE_METHOD_MATCH = YES;
				CODE_SIGN_IDENTITY = "iPhone Developer";
				COPY_PHASE_STRIP = NO;
				DEBUG_INFORMATION_FORMAT = "dwarf-with-dsym";
				ENABLE_NS_ASSERTIONS = NO;
				ENABLE_STRICT_OBJC_MSGSEND = YES;
				GCC_C_LANGUAGE_STANDARD = gnu11;
				GCC_NO_COMMON_BLOCKS = YES;
				GCC_WARN_64_TO_32_BIT_CONVERSION = YES;
				GCC_WARN_ABOUT_RETURN_TYPE = YES_ERROR;
				GCC_WARN_UNDECLARED_SELECTOR = YES;
				GCC_WARN_UNINITIALIZED_AUTOS = YES_AGGRESSIVE;
				GCC_WARN_UNUSED_FUNCTION = YES;
				GCC_WARN_UNUSED_VARIABLE = YES;
				IPHONEOS_DEPLOYMENT_TARGET = 11.1;
				MTL_ENABLE_DEBUG_INFO = NO;
				SDKROOT = iphoneos;
				SWIFT_OPTIMIZATION_LEVEL = "-Owholemodule";
				VALIDATE_PRODUCT = YES;
			};
			name = Release;
		};
		BE352AD3201841F40058DD1E /* Debug */ = {
			isa = XCBuildConfiguration;
			baseConfigurationReference = 3E1E8C30C7F4A1BAF3738625 /* Pods-skillUpTest_8_pre.debug.xcconfig */;
			buildSettings = {
				ASSETCATALOG_COMPILER_APPICON_NAME = AppIcon;
				CODE_SIGN_STYLE = Automatic;
				DEVELOPMENT_TEAM = 68BKV3FXAV;
				INFOPLIST_FILE = "$(SRCROOT)/skillUpTest_8_pre/Others/Info.plist";
				LD_RUNPATH_SEARCH_PATHS = "$(inherited) @executable_path/Frameworks";
				PRODUCT_BUNDLE_IDENTIFIER = "jp.ac.neec.skillUpTest-8-pre";
				PRODUCT_NAME = "$(TARGET_NAME)";
				SWIFT_VERSION = 4.0;
				TARGETED_DEVICE_FAMILY = "1,2";
			};
			name = Debug;
		};
		BE352AD4201841F40058DD1E /* Release */ = {
			isa = XCBuildConfiguration;
			baseConfigurationReference = 536F2B392344EDC175D68B1B /* Pods-skillUpTest_8_pre.release.xcconfig */;
			buildSettings = {
				ASSETCATALOG_COMPILER_APPICON_NAME = AppIcon;
				CODE_SIGN_STYLE = Automatic;
				DEVELOPMENT_TEAM = 68BKV3FXAV;
				INFOPLIST_FILE = "$(SRCROOT)/skillUpTest_8_pre/Others/Info.plist";
				LD_RUNPATH_SEARCH_PATHS = "$(inherited) @executable_path/Frameworks";
				PRODUCT_BUNDLE_IDENTIFIER = "jp.ac.neec.skillUpTest-8-pre";
				PRODUCT_NAME = "$(TARGET_NAME)";
				SWIFT_VERSION = 4.0;
				TARGETED_DEVICE_FAMILY = "1,2";
			};
			name = Release;
		};
		BE352AD6201841F40058DD1E /* Debug */ = {
			isa = XCBuildConfiguration;
			baseConfigurationReference = D785890B597A1FA1FF994115 /* Pods-skillUpTest_8_preTests.debug.xcconfig */;
			buildSettings = {
				ALWAYS_EMBED_SWIFT_STANDARD_LIBRARIES = YES;
				BUNDLE_LOADER = "$(TEST_HOST)";
				CLANG_ENABLE_MODULES = YES;
				CODE_SIGN_STYLE = Automatic;
				INFOPLIST_FILE = skillUpTest_8_preTests/Info.plist;
				LD_RUNPATH_SEARCH_PATHS = "$(inherited) @executable_path/Frameworks @loader_path/Frameworks";
				PRODUCT_BUNDLE_IDENTIFIER = "jp.ac.neec.skillUpTest-8-preTests";
				PRODUCT_NAME = "$(TARGET_NAME)";
				SWIFT_OPTIMIZATION_LEVEL = "-Onone";
				SWIFT_VERSION = 4.0;
				TARGETED_DEVICE_FAMILY = "1,2";
				TEST_HOST = "$(BUILT_PRODUCTS_DIR)/skillUpTest_8_pre.app/skillUpTest_8_pre";
			};
			name = Debug;
		};
		BE352AD7201841F40058DD1E /* Release */ = {
			isa = XCBuildConfiguration;
			baseConfigurationReference = 8897AB714B67ACE0553BE8ED /* Pods-skillUpTest_8_preTests.release.xcconfig */;
			buildSettings = {
				ALWAYS_EMBED_SWIFT_STANDARD_LIBRARIES = YES;
				BUNDLE_LOADER = "$(TEST_HOST)";
				CLANG_ENABLE_MODULES = YES;
				CODE_SIGN_STYLE = Automatic;
				INFOPLIST_FILE = skillUpTest_8_preTests/Info.plist;
				LD_RUNPATH_SEARCH_PATHS = "$(inherited) @executable_path/Frameworks @loader_path/Frameworks";
				PRODUCT_BUNDLE_IDENTIFIER = "jp.ac.neec.skillUpTest-8-preTests";
				PRODUCT_NAME = "$(TARGET_NAME)";
				SWIFT_VERSION = 4.0;
				TARGETED_DEVICE_FAMILY = "1,2";
				TEST_HOST = "$(BUILT_PRODUCTS_DIR)/skillUpTest_8_pre.app/skillUpTest_8_pre";
			};
			name = Release;
		};
/* End XCBuildConfiguration section */

/* Begin XCConfigurationList section */
		BE352AB0201841F40058DD1E /* Build configuration list for PBXProject "skillUpTest_8_pre" */ = {
			isa = XCConfigurationList;
			buildConfigurations = (
				BE352AD0201841F40058DD1E /* Debug */,
				BE352AD1201841F40058DD1E /* Release */,
			);
			defaultConfigurationIsVisible = 0;
			defaultConfigurationName = Release;
		};
		BE352AD2201841F40058DD1E /* Build configuration list for PBXNativeTarget "skillUpTest_8_pre" */ = {
			isa = XCConfigurationList;
			buildConfigurations = (
				BE352AD3201841F40058DD1E /* Debug */,
				BE352AD4201841F40058DD1E /* Release */,
			);
			defaultConfigurationIsVisible = 0;
			defaultConfigurationName = Release;
		};
		BE352AD5201841F40058DD1E /* Build configuration list for PBXNativeTarget "skillUpTest_8_preTests" */ = {
			isa = XCConfigurationList;
			buildConfigurations = (
				BE352AD6201841F40058DD1E /* Debug */,
				BE352AD7201841F40058DD1E /* Release */,
			);
			defaultConfigurationIsVisible = 0;
			defaultConfigurationName = Release;
		};
/* End XCConfigurationList section */
	};
	rootObject = BE352AAD201841F40058DD1E /* Project object */;
}
